
Microsoft Visual Studio Solution File, Format Version 12.00
# Visual Studio Version 17
VisualStudioVersion = 17.1.32421.90
MinimumVisualStudioVersion = 10.0.40219.1
Project("{FAE04EC0-301F-11D3-BF4B-00C04F79EFBC}") = "VaultextestDemoApp", "VaultextestDemoApp.csproj", "{FF5AF345-DD01-4130-9300-3FCAADCB5B60}"
EndProject
Global
	GlobalSection(SolutionConfigurationPlatforms) = preSolution
		Debug|Any CPU = Debug|Any CPU
		Release|Any CPU = Release|Any CPU
	EndGlobalSection
	GlobalSection(ProjectConfigurationPlatforms) = postSolution
		{FF5AF345-DD01-4130-9300-3FCAADCB5B60}.Debug|Any CPU.ActiveCfg = Debug|Any CPU
		{FF5AF345-DD01-4130-9300-3FCAADCB5B60}.Debug|Any CPU.Build.0 = Debug|Any CPU
		{FF5AF345-DD01-4130-9300-3FCAADCB5B60}.Release|Any CPU.ActiveCfg = Release|Any CPU
		{FF5AF345-DD01-4130-9300-3FCAADCB5B60}.Release|Any CPU.Build.0 = Release|Any CPU
	EndGlobalSection
	GlobalSection(SolutionProperties) = preSolution
		HideSolutionNode = FALSE
	EndGlobalSection
	GlobalSection(ExtensibilityGlobals) = postSolution
		SolutionGuid = {102B45F9-8EE6-41E8-A24D-DCD3ACFA3696}
	EndGlobalSection
EndGlobal
